
Microsoft Visual Studio Solution File, Format Version 12.00
# Visual Studio Version 17
VisualStudioVersion = 17.5.33516.290
MinimumVisualStudioVersion = 10.0.40219.1
Project("{FAE04EC0-301F-11D3-BF4B-00C04F79EFBC}") = "eBooks", "eBooks.csproj", "{C0C9D066-7ED4-4DA3-A67E-2F070B9CF079}"
EndProject
Global
	GlobalSection(SolutionConfigurationPlatforms) = preSolution
		Debug|Any CPU = Debug|Any CPU
		Release|Any CPU = Release|Any CPU
	EndGlobalSection
	GlobalSection(ProjectConfigurationPlatforms) = postSolution
		{C0C9D066-7ED4-4DA3-A67E-2F070B9CF079}.Debug|Any CPU.ActiveCfg = Debug|Any CPU
		{C0C9D066-7ED4-4DA3-A67E-2F070B9CF079}.Debug|Any CPU.Build.0 = Debug|Any CPU
		{C0C9D066-7ED4-4DA3-A67E-2F070B9CF079}.Release|Any CPU.ActiveCfg = Release|Any CPU
		{C0C9D066-7ED4-4DA3-A67E-2F070B9CF079}.Release|Any CPU.Build.0 = Release|Any CPU
	EndGlobalSection
	GlobalSection(SolutionProperties) = preSolution
		HideSolutionNode = FALSE
	EndGlobalSection
	GlobalSection(ExtensibilityGlobals) = postSolution
		SolutionGuid = {D4F4DE26-24FC-4E96-B7C1-500ED7CAFED2}
	EndGlobalSection
EndGlobal
